
Microsoft Visual Studio Solution File, Format Version 12.00
# Visual Studio Version 17
VisualStudioVersion = 17.5.33424.131
MinimumVisualStudioVersion = 10.0.40219.1
Project("{8BC9CEB8-8B4A-11D0-8D11-00A0C91BC942}") = "SnakeGame", "SnakeGame\SnakeGame.vcxproj", "{7A55A17E-EF66-49B7-A339-B0BDFF06C7D2}"
EndProject
Global
	GlobalSection(SolutionConfigurationPlatforms) = preSolution
		Debug|x64 = Debug|x64
		Debug|x86 = Debug|x86
		Release|x64 = Release|x64
		Release|x86 = Release|x86
	EndGlobalSection
	GlobalSection(ProjectConfigurationPlatforms) = postSolution
		{7A55A17E-EF66-49B7-A339-B0BDFF06C7D2}.Debug|x64.ActiveCfg = Debug|x64
		{7A55A17E-EF66-49B7-A339-B0BDFF06C7D2}.Debug|x64.Build.0 = Debug|x64
		{7A55A17E-EF66-49B7-A339-B0BDFF06C7D2}.Debug|x86.ActiveCfg = Debug|Win32
		{7A55A17E-EF66-49B7-A339-B0BDFF06C7D2}.Debug|x86.Build.0 = Debug|Win32
		{7A55A17E-EF66-49B7-A339-B0BDFF06C7D2}.Release|x64.ActiveCfg = Release|x64
		{7A55A17E-EF66-49B7-A339-B0BDFF06C7D2}.Release|x64.Build.0 = Release|x64
		{7A55A17E-EF66-49B7-A339-B0BDFF06C7D2}.Release|x86.ActiveCfg = Release|Win32
		{7A55A17E-EF66-49B7-A339-B0BDFF06C7D2}.Release|x86.Build.0 = Release|Win32
	EndGlobalSection
	GlobalSection(SolutionProperties) = preSolution
		HideSolutionNode = FALSE
	EndGlobalSection
	GlobalSection(ExtensibilityGlobals) = postSolution
		SolutionGuid = {FB8D9B4D-10F1-4E8E-9D2D-208734EC1678}
	EndGlobalSection
EndGlobal
